<?xml version="1.0" encoding="utf-8"?>
<Project ToolsVersion="4.0" xmlns="http://schemas.microsoft.com/developer/msbuild/2003">
  <ItemGroup>
    <Filter Include="Source Files">
      <UniqueIdentifier>{4FC737F1-C7A5-4376-A066-2A32D752A2FF}</UniqueIdentifier>
      <Extensions>cpp;c;cc;cxx;def;odl;idl;hpj;bat;asm;asmx</Extensions>
    </Filter>
    <Filter Include="Header Files">
      <UniqueIdentifier>{93995380-89BD-4b04-88EB-625FBE52EBFB}</UniqueIdentifier>
      <Extensions>h;hpp;hxx;hm;inl;inc;xsd</Extensions>
    </Filter>
    <Filter Include="Resource Files">
      <UniqueIdentifier>{67DA6AB6-F800-4c08-8B7A-83BB121AAD01}</UniqueIdentifier>
      <Extensions>rc;ico;cur;bmp;dlg;rc2;rct;bin;rgs;gif;jpg;jpeg;jpe;resx;tiff;tif;png;wav;mfcribbon-ms</Extensions>
    </Filter>
    <Filter Include="Header Files\Abstract">
      <UniqueIdentifier>{94a86630-9fc5-4138-9755-839ad7166dbe}</UniqueIdentifier>
    </Filter>
    <Filter Include="Header Files\Bridge">
      <UniqueIdentifier>{7f7b3c46-2520-49b3-b692-4fa981559846}</UniqueIdentifier>
    </Filter>
    <Filter Include="Header Files\Proxy">
      <UniqueIdentifier>{15203eb3-21f1-4d67-a291-2700a5acc358}</UniqueIdentifier>
    </Filter>
    <Filter Include="Header Files\Bridge\1">
      <UniqueIdentifier>{87dbb8ac-3a7d-47ee-9a5d-dc2ce20e8680}</UniqueIdentifier>
    </Filter>
    <Filter Include="Header Files\Bridge\2">
      <UniqueIdentifier>{38757868-4e0b-4971-8b98-32dd62cff35f}</UniqueIdentifier>
    </Filter>
    <Filter Include="Source Files\Proxy">
      <UniqueIdentifier>{f1aa2e5a-e78d-432b-a396-366cc2da64d6}</UniqueIdentifier>
    </Filter>
  </ItemGroup>
  <ItemGroup>
    <ClCompile Include="main.cpp">
      <Filter>Source Files</Filter>
    </ClCompile>
    <ClCompile Include="Graphic.cpp">
      <Filter>Source Files\Proxy</Filter>
    </ClCompile>
    <ClCompile Include="GraphicProxy.cpp">
      <Filter>Source Files\Proxy</Filter>
    </ClCompile>
  </ItemGroup>
  <ItemGroup>
    <Xml Include="Levels.xml">
      <Filter>Resource Files</Filter>
    </Xml>
  </ItemGroup>
  <ItemGroup>
    <ClInclude Include="Boss.h">
      <Filter>Header Files\Abstract</Filter>
    </ClInclude>
    <ClInclude Include="Character.h">
      <Filter>Header Files\Abstract</Filter>
    </ClInclude>
    <ClInclude Include="Factory.h">
      <Filter>Header Files\Abstract</Filter>
    </ClInclude>
    <ClInclude Include="Player.h">
      <Filter>Header Files\Abstract</Filter>
    </ClInclude>
    <ClInclude Include="CharacterFactory.h">
      <Filter>Header Files\Abstract</Filter>
    </ClInclude>
    <ClInclude Include="CharacterBridge.h">
      <Filter>Header Files\Bridge\1</Filter>
    </ClInclude>
    <ClInclude Include="HandleToCharacter.h">
      <Filter>Header Files\Bridge\1</Filter>
    </ClInclude>
    <ClInclude Include="CharacterBridge2.h">
      <Filter>Header Files\Bridge\2</Filter>
    </ClInclude>
    <ClInclude Include="DrawAPI.h">
      <Filter>Header Files\Bridge\2</Filter>
    </ClInclude>
    <ClInclude Include="DrawImp.h">
      <Filter>Header Files\Bridge\2</Filter>
    </ClInclude>
    <ClInclude Include="PlayerBridge.h">
      <Filter>Header Files\Bridge\2</Filter>
    </ClInclude>
    <ClInclude Include="IGraphic.h">
      <Filter>Header Files\Proxy</Filter>
    </ClInclude>
    <ClInclude Include="Graphic.h">
      <Filter>Header Files\Proxy</Filter>
    </ClInclude>
    <ClInclude Include="GraphicProxy.h">
      <Filter>Header Files\Proxy</Filter>
    </ClInclude>
  </ItemGroup>
</Project>